
Microsoft Visual Studio Solution File, Format Version 12.00
# Visual Studio 2013
VisualStudioVersion = 12.0.21005.1
MinimumVisualStudioVersion = 10.0.40219.1
Project("{FAE04EC0-301F-11D3-BF4B-00C04F79EFBC}") = "LWIR", "LWIR\LWIR.csproj", "{A596A21C-0823-40F0-A85F-53F9ACA1E1D5}"
EndProject
Project("{FAE04EC0-301F-11D3-BF4B-00C04F79EFBC}") = "LWIR.NET", "LWIR.NET\LWIR.NET.csproj", "{E1F8AF16-7748-4816-98B4-6FE0DB3B3375}"
EndProject
Project("{FAE04EC0-301F-11D3-BF4B-00C04F79EFBC}") = "LWIR.NET.Common", "LWIR.NET.Common\LWIR.NET.Common.csproj", "{ED68DCD1-FD43-4DEB-8074-3D3EEEBCD8AB}"
EndProject
Project("{FAE04EC0-301F-11D3-BF4B-00C04F79EFBC}") = "LWIR.NET.Framework", "LWIR.NET.Framework\LWIR.NET.Framework.csproj", "{71A3FA7B-024A-49F9-ABA8-121C59725101}"
EndProject
Project("{2150E333-8FDC-42A3-9474-1A3956D46DE8}") = "Framework", "Framework", "{305B1000-3986-4928-B5BC-D6AF94C45D60}"
EndProject
Project("{2150E333-8FDC-42A3-9474-1A3956D46DE8}") = "Modules", "Modules", "{296E75C8-5742-43BA-8DCF-10C9B89B35A2}"
EndProject
Project("{8BC9CEB8-8B4A-11D0-8D11-00A0C91BC942}") = "AMEC.Native", "AMEC.Native\AMEC.Native.vcxproj", "{A25B6BF8-249F-47D3-9E6F-F8A116738B4F}"
EndProject
Project("{FAE04EC0-301F-11D3-BF4B-00C04F79EFBC}") = "AMEC.WH", "AMEC.WH\AMEC.WH.csproj", "{368E3E18-16B4-4493-8866-E4DE07DA38D0}"
EndProject
Project("{FAE04EC0-301F-11D3-BF4B-00C04F79EFBC}") = "LWIR.AxisPanel", "LWIR.AxisPanel\LWIR.AxisPanel.csproj", "{AA1C5FDF-FF30-41F3-A0B9-9F34EAE9DF2E}"
EndProject
Global
	GlobalSection(SolutionConfigurationPlatforms) = preSolution
		Debug|Any CPU = Debug|Any CPU
		Debug|Mixed Platforms = Debug|Mixed Platforms
		Debug|Win32 = Debug|Win32
		Debug|x64 = Debug|x64
		Debug|x86 = Debug|x86
		Release|Any CPU = Release|Any CPU
		Release|Mixed Platforms = Release|Mixed Platforms
		Release|Win32 = Release|Win32
		Release|x64 = Release|x64
		Release|x86 = Release|x86
	EndGlobalSection
	GlobalSection(ProjectConfigurationPlatforms) = postSolution
		{A596A21C-0823-40F0-A85F-53F9ACA1E1D5}.Debug|Any CPU.ActiveCfg = Debug|Any CPU
		{A596A21C-0823-40F0-A85F-53F9ACA1E1D5}.Debug|Any CPU.Build.0 = Debug|Any CPU
		{A596A21C-0823-40F0-A85F-53F9ACA1E1D5}.Debug|Mixed Platforms.ActiveCfg = Debug|x86
		{A596A21C-0823-40F0-A85F-53F9ACA1E1D5}.Debug|Mixed Platforms.Build.0 = Debug|x86
		{A596A21C-0823-40F0-A85F-53F9ACA1E1D5}.Debug|Win32.ActiveCfg = Debug|x86
		{A596A21C-0823-40F0-A85F-53F9ACA1E1D5}.Debug|Win32.Build.0 = Debug|x86
		{A596A21C-0823-40F0-A85F-53F9ACA1E1D5}.Debug|x64.ActiveCfg = Debug|Any CPU
		{A596A21C-0823-40F0-A85F-53F9ACA1E1D5}.Debug|x86.ActiveCfg = Debug|x86
		{A596A21C-0823-40F0-A85F-53F9ACA1E1D5}.Debug|x86.Build.0 = Debug|x86
		{A596A21C-0823-40F0-A85F-53F9ACA1E1D5}.Release|Any CPU.ActiveCfg = Release|Any CPU
		{A596A21C-0823-40F0-A85F-53F9ACA1E1D5}.Release|Any CPU.Build.0 = Release|Any CPU
		{A596A21C-0823-40F0-A85F-53F9ACA1E1D5}.Release|Mixed Platforms.ActiveCfg = Release|x86
		{A596A21C-0823-40F0-A85F-53F9ACA1E1D5}.Release|Mixed Platforms.Build.0 = Release|x86
		{A596A21C-0823-40F0-A85F-53F9ACA1E1D5}.Release|Win32.ActiveCfg = Release|x86
		{A596A21C-0823-40F0-A85F-53F9ACA1E1D5}.Release|Win32.Build.0 = Release|x86
		{A596A21C-0823-40F0-A85F-53F9ACA1E1D5}.Release|x64.ActiveCfg = Release|Any CPU
		{A596A21C-0823-40F0-A85F-53F9ACA1E1D5}.Release|x86.ActiveCfg = Release|x86
		{A596A21C-0823-40F0-A85F-53F9ACA1E1D5}.Release|x86.Build.0 = Release|x86
		{E1F8AF16-7748-4816-98B4-6FE0DB3B3375}.Debug|Any CPU.ActiveCfg = Debug|Any CPU
		{E1F8AF16-7748-4816-98B4-6FE0DB3B3375}.Debug|Any CPU.Build.0 = Debug|Any CPU
		{E1F8AF16-7748-4816-98B4-6FE0DB3B3375}.Debug|Mixed Platforms.ActiveCfg = Debug|x86
		{E1F8AF16-7748-4816-98B4-6FE0DB3B3375}.Debug|Mixed Platforms.Build.0 = Debug|x86
		{E1F8AF16-7748-4816-98B4-6FE0DB3B3375}.Debug|Win32.ActiveCfg = Debug|x86
		{E1F8AF16-7748-4816-98B4-6FE0DB3B3375}.Debug|Win32.Build.0 = Debug|x86
		{E1F8AF16-7748-4816-98B4-6FE0DB3B3375}.Debug|x64.ActiveCfg = Debug|Any CPU
		{E1F8AF16-7748-4816-98B4-6FE0DB3B3375}.Debug|x86.ActiveCfg = Debug|x86
		{E1F8AF16-7748-4816-98B4-6FE0DB3B3375}.Debug|x86.Build.0 = Debug|x86
		{E1F8AF16-7748-4816-98B4-6FE0DB3B3375}.Release|Any CPU.ActiveCfg = Release|Any CPU
		{E1F8AF16-7748-4816-98B4-6FE0DB3B3375}.Release|Any CPU.Build.0 = Release|Any CPU
		{E1F8AF16-7748-4816-98B4-6FE0DB3B3375}.Release|Mixed Platforms.ActiveCfg = Release|x86
		{E1F8AF16-7748-4816-98B4-6FE0DB3B3375}.Release|Mixed Platforms.Build.0 = Release|x86
		{E1F8AF16-7748-4816-98B4-6FE0DB3B3375}.Release|Win32.ActiveCfg = Release|x86
		{E1F8AF16-7748-4816-98B4-6FE0DB3B3375}.Release|Win32.Build.0 = Release|x86
		{E1F8AF16-7748-4816-98B4-6FE0DB3B3375}.Release|x64.ActiveCfg = Release|Any CPU
		{E1F8AF16-7748-4816-98B4-6FE0DB3B3375}.Release|x86.ActiveCfg = Release|x86
		{E1F8AF16-7748-4816-98B4-6FE0DB3B3375}.Release|x86.Build.0 = Release|x86
		{ED68DCD1-FD43-4DEB-8074-3D3EEEBCD8AB}.Debug|Any CPU.ActiveCfg = Debug|Any CPU
		{ED68DCD1-FD43-4DEB-8074-3D3EEEBCD8AB}.Debug|Any CPU.Build.0 = Debug|Any CPU
		{ED68DCD1-FD43-4DEB-8074-3D3EEEBCD8AB}.Debug|Mixed Platforms.ActiveCfg = Debug|x86
		{ED68DCD1-FD43-4DEB-8074-3D3EEEBCD8AB}.Debug|Mixed Platforms.Build.0 = Debug|x86
		{ED68DCD1-FD43-4DEB-8074-3D3EEEBCD8AB}.Debug|Win32.ActiveCfg = Debug|x86
		{ED68DCD1-FD43-4DEB-8074-3D3EEEBCD8AB}.Debug|Win32.Build.0 = Debug|x86
		{ED68DCD1-FD43-4DEB-8074-3D3EEEBCD8AB}.Debug|x64.ActiveCfg = Debug|x64
		{ED68DCD1-FD43-4DEB-8074-3D3EEEBCD8AB}.Debug|x64.Build.0 = Debug|x64
		{ED68DCD1-FD43-4DEB-8074-3D3EEEBCD8AB}.Debug|x86.ActiveCfg = Debug|x86
		{ED68DCD1-FD43-4DEB-8074-3D3EEEBCD8AB}.Debug|x86.Build.0 = Debug|x86
		{ED68DCD1-FD43-4DEB-8074-3D3EEEBCD8AB}.Release|Any CPU.ActiveCfg = Release|Any CPU
		{ED68DCD1-FD43-4DEB-8074-3D3EEEBCD8AB}.Release|Any CPU.Build.0 = Release|Any CPU
		{ED68DCD1-FD43-4DEB-8074-3D3EEEBCD8AB}.Release|Mixed Platforms.ActiveCfg = Release|x86
		{ED68DCD1-FD43-4DEB-8074-3D3EEEBCD8AB}.Release|Mixed Platforms.Build.0 = Release|x86
		{ED68DCD1-FD43-4DEB-8074-3D3EEEBCD8AB}.Release|Win32.ActiveCfg = Release|x86
		{ED68DCD1-FD43-4DEB-8074-3D3EEEBCD8AB}.Release|Win32.Build.0 = Release|x86
		{ED68DCD1-FD43-4DEB-8074-3D3EEEBCD8AB}.Release|x64.ActiveCfg = Release|x64
		{ED68DCD1-FD43-4DEB-8074-3D3EEEBCD8AB}.Release|x64.Build.0 = Release|x64
		{ED68DCD1-FD43-4DEB-8074-3D3EEEBCD8AB}.Release|x86.ActiveCfg = Release|x86
		{ED68DCD1-FD43-4DEB-8074-3D3EEEBCD8AB}.Release|x86.Build.0 = Release|x86
		{71A3FA7B-024A-49F9-ABA8-121C59725101}.Debug|Any CPU.ActiveCfg = Debug|Any CPU
		{71A3FA7B-024A-49F9-ABA8-121C59725101}.Debug|Any CPU.Build.0 = Debug|Any CPU
		{71A3FA7B-024A-49F9-ABA8-121C59725101}.Debug|Mixed Platforms.ActiveCfg = Debug|x86
		{71A3FA7B-024A-49F9-ABA8-121C59725101}.Debug|Mixed Platforms.Build.0 = Debug|x86
		{71A3FA7B-024A-49F9-ABA8-121C59725101}.Debug|Win32.ActiveCfg = Debug|x86
		{71A3FA7B-024A-49F9-ABA8-121C59725101}.Debug|Win32.Build.0 = Debug|x86
		{71A3FA7B-024A-49F9-ABA8-121C59725101}.Debug|x64.ActiveCfg = Debug|x64
		{71A3FA7B-024A-49F9-ABA8-121C59725101}.Debug|x64.Build.0 = Debug|x64
		{71A3FA7B-024A-49F9-ABA8-121C59725101}.Debug|x86.ActiveCfg = Debug|x86
		{71A3FA7B-024A-49F9-ABA8-121C59725101}.Debug|x86.Build.0 = Debug|x86
		{71A3FA7B-024A-49F9-ABA8-121C59725101}.Release|Any CPU.ActiveCfg = Release|Any CPU
		{71A3FA7B-024A-49F9-ABA8-121C59725101}.Release|Any CPU.Build.0 = Release|Any CPU
		{71A3FA7B-024A-49F9-ABA8-121C59725101}.Release|Mixed Platforms.ActiveCfg = Release|x86
		{71A3FA7B-024A-49F9-ABA8-121C59725101}.Release|Mixed Platforms.Build.0 = Release|x86
		{71A3FA7B-024A-49F9-ABA8-121C59725101}.Release|Win32.ActiveCfg = Release|x86
		{71A3FA7B-024A-49F9-ABA8-121C59725101}.Release|Win32.Build.0 = Release|x86
		{71A3FA7B-024A-49F9-ABA8-121C59725101}.Release|x64.ActiveCfg = Release|x64
		{71A3FA7B-024A-49F9-ABA8-121C59725101}.Release|x64.Build.0 = Release|x64
		{71A3FA7B-024A-49F9-ABA8-121C59725101}.Release|x86.ActiveCfg = Release|x86
		{71A3FA7B-024A-49F9-ABA8-121C59725101}.Release|x86.Build.0 = Release|x86
		{A25B6BF8-249F-47D3-9E6F-F8A116738B4F}.Debug|Any CPU.ActiveCfg = Debug|Win32
		{A25B6BF8-249F-47D3-9E6F-F8A116738B4F}.Debug|Mixed Platforms.ActiveCfg = Debug|Win32
		{A25B6BF8-249F-47D3-9E6F-F8A116738B4F}.Debug|Mixed Platforms.Build.0 = Debug|Win32
		{A25B6BF8-249F-47D3-9E6F-F8A116738B4F}.Debug|Win32.ActiveCfg = Debug|Win32
		{A25B6BF8-249F-47D3-9E6F-F8A116738B4F}.Debug|Win32.Build.0 = Debug|Win32
		{A25B6BF8-249F-47D3-9E6F-F8A116738B4F}.Debug|x64.ActiveCfg = Debug|x64
		{A25B6BF8-249F-47D3-9E6F-F8A116738B4F}.Debug|x64.Build.0 = Debug|x64
		{A25B6BF8-249F-47D3-9E6F-F8A116738B4F}.Debug|x86.ActiveCfg = Debug|Win32
		{A25B6BF8-249F-47D3-9E6F-F8A116738B4F}.Debug|x86.Build.0 = Debug|Win32
		{A25B6BF8-249F-47D3-9E6F-F8A116738B4F}.Release|Any CPU.ActiveCfg = Release|Win32
		{A25B6BF8-249F-47D3-9E6F-F8A116738B4F}.Release|Mixed Platforms.ActiveCfg = Release|Win32
		{A25B6BF8-249F-47D3-9E6F-F8A116738B4F}.Release|Mixed Platforms.Build.0 = Release|Win32
		{A25B6BF8-249F-47D3-9E6F-F8A116738B4F}.Release|Win32.ActiveCfg = Release|Win32
		{A25B6BF8-249F-47D3-9E6F-F8A116738B4F}.Release|Win32.Build.0 = Release|Win32
		{A25B6BF8-249F-47D3-9E6F-F8A116738B4F}.Release|x64.ActiveCfg = Release|x64
		{A25B6BF8-249F-47D3-9E6F-F8A116738B4F}.Release|x64.Build.0 = Release|x64
		{A25B6BF8-249F-47D3-9E6F-F8A116738B4F}.Release|x86.ActiveCfg = Release|Win32
		{A25B6BF8-249F-47D3-9E6F-F8A116738B4F}.Release|x86.Build.0 = Release|Win32
		{368E3E18-16B4-4493-8866-E4DE07DA38D0}.Debug|Any CPU.ActiveCfg = Debug|Any CPU
		{368E3E18-16B4-4493-8866-E4DE07DA38D0}.Debug|Any CPU.Build.0 = Debug|Any CPU
		{368E3E18-16B4-4493-8866-E4DE07DA38D0}.Debug|Mixed Platforms.ActiveCfg = Debug|x86
		{368E3E18-16B4-4493-8866-E4DE07DA38D0}.Debug|Mixed Platforms.Build.0 = Debug|x86
		{368E3E18-16B4-4493-8866-E4DE07DA38D0}.Debug|Win32.ActiveCfg = Debug|x86
		{368E3E18-16B4-4493-8866-E4DE07DA38D0}.Debug|Win32.Build.0 = Debug|x86
		{368E3E18-16B4-4493-8866-E4DE07DA38D0}.Debug|x64.ActiveCfg = Debug|x64
		{368E3E18-16B4-4493-8866-E4DE07DA38D0}.Debug|x64.Build.0 = Debug|x64
		{368E3E18-16B4-4493-8866-E4DE07DA38D0}.Debug|x86.ActiveCfg = Debug|x86
		{368E3E18-16B4-4493-8866-E4DE07DA38D0}.Debug|x86.Build.0 = Debug|x86
		{368E3E18-16B4-4493-8866-E4DE07DA38D0}.Release|Any CPU.ActiveCfg = Release|Any CPU
		{368E3E18-16B4-4493-8866-E4DE07DA38D0}.Release|Any CPU.Build.0 = Release|Any CPU
		{368E3E18-16B4-4493-8866-E4DE07DA38D0}.Release|Mixed Platforms.ActiveCfg = Release|x86
		{368E3E18-16B4-4493-8866-E4DE07DA38D0}.Release|Mixed Platforms.Build.0 = Release|x86
		{368E3E18-16B4-4493-8866-E4DE07DA38D0}.Release|Win32.ActiveCfg = Release|x86
		{368E3E18-16B4-4493-8866-E4DE07DA38D0}.Release|Win32.Build.0 = Release|x86
		{368E3E18-16B4-4493-8866-E4DE07DA38D0}.Release|x64.ActiveCfg = Release|x64
		{368E3E18-16B4-4493-8866-E4DE07DA38D0}.Release|x64.Build.0 = Release|x64
		{368E3E18-16B4-4493-8866-E4DE07DA38D0}.Release|x86.ActiveCfg = Release|x86
		{368E3E18-16B4-4493-8866-E4DE07DA38D0}.Release|x86.Build.0 = Release|x86
		{AA1C5FDF-FF30-41F3-A0B9-9F34EAE9DF2E}.Debug|Any CPU.ActiveCfg = Debug|Any CPU
		{AA1C5FDF-FF30-41F3-A0B9-9F34EAE9DF2E}.Debug|Any CPU.Build.0 = Debug|Any CPU
		{AA1C5FDF-FF30-41F3-A0B9-9F34EAE9DF2E}.Debug|Mixed Platforms.ActiveCfg = Debug|x86
		{AA1C5FDF-FF30-41F3-A0B9-9F34EAE9DF2E}.Debug|Mixed Platforms.Build.0 = Debug|x86
		{AA1C5FDF-FF30-41F3-A0B9-9F34EAE9DF2E}.Debug|Win32.ActiveCfg = Debug|x86
		{AA1C5FDF-FF30-41F3-A0B9-9F34EAE9DF2E}.Debug|Win32.Build.0 = Debug|x86
		{AA1C5FDF-FF30-41F3-A0B9-9F34EAE9DF2E}.Debug|x64.ActiveCfg = Debug|Any CPU
		{AA1C5FDF-FF30-41F3-A0B9-9F34EAE9DF2E}.Debug|x86.ActiveCfg = Debug|x86
		{AA1C5FDF-FF30-41F3-A0B9-9F34EAE9DF2E}.Debug|x86.Build.0 = Debug|x86
		{AA1C5FDF-FF30-41F3-A0B9-9F34EAE9DF2E}.Release|Any CPU.ActiveCfg = Release|Any CPU
		{AA1C5FDF-FF30-41F3-A0B9-9F34EAE9DF2E}.Release|Any CPU.Build.0 = Release|Any CPU
		{AA1C5FDF-FF30-41F3-A0B9-9F34EAE9DF2E}.Release|Mixed Platforms.ActiveCfg = Release|x86
		{AA1C5FDF-FF30-41F3-A0B9-9F34EAE9DF2E}.Release|Mixed Platforms.Build.0 = Release|x86
		{AA1C5FDF-FF30-41F3-A0B9-9F34EAE9DF2E}.Release|Win32.ActiveCfg = Release|x86
		{AA1C5FDF-FF30-41F3-A0B9-9F34EAE9DF2E}.Release|Win32.Build.0 = Release|x86
		{AA1C5FDF-FF30-41F3-A0B9-9F34EAE9DF2E}.Release|x64.ActiveCfg = Release|Any CPU
		{AA1C5FDF-FF30-41F3-A0B9-9F34EAE9DF2E}.Release|x86.ActiveCfg = Release|x86
		{AA1C5FDF-FF30-41F3-A0B9-9F34EAE9DF2E}.Release|x86.Build.0 = Release|x86
	EndGlobalSection
	GlobalSection(SolutionProperties) = preSolution
		HideSolutionNode = FALSE
	EndGlobalSection
	GlobalSection(NestedProjects) = preSolution
		{ED68DCD1-FD43-4DEB-8074-3D3EEEBCD8AB} = {305B1000-3986-4928-B5BC-D6AF94C45D60}
		{71A3FA7B-024A-49F9-ABA8-121C59725101} = {305B1000-3986-4928-B5BC-D6AF94C45D60}
		{E1F8AF16-7748-4816-98B4-6FE0DB3B3375} = {305B1000-3986-4928-B5BC-D6AF94C45D60}
		{AA1C5FDF-FF30-41F3-A0B9-9F34EAE9DF2E} = {305B1000-3986-4928-B5BC-D6AF94C45D60}
		{A25B6BF8-249F-47D3-9E6F-F8A116738B4F} = {296E75C8-5742-43BA-8DCF-10C9B89B35A2}
		{368E3E18-16B4-4493-8866-E4DE07DA38D0} = {296E75C8-5742-43BA-8DCF-10C9B89B35A2}
	EndGlobalSection
EndGlobal
